{
  "name": "form-utilities",
  "version": "0.0.1",
  "lockfileVersion": 1,
  "requires": true,
  "dependencies": {
    "@angular/common": {
      "version": "9.1.3",
      "resolved": "https://registry.npmjs.org/@angular/common/-/common-9.1.3.tgz",
      "integrity": "sha512-OGrd/x+WoceskeJWZI3ur+KqVoBHn2kmbg57RyJ8Ng/BkdDVYiXzQ/UvvX1WYGH/YzmiiVdlnVq55xkHkzGaXw==",
      "dev": true
    },
    "@angular/core": {
      "version": "9.1.3",
      "resolved": "https://registry.npmjs.org/@angular/core/-/core-9.1.3.tgz",
      "integrity": "sha512-r+GyeCuBw9SUBzpPWhKxzTOkNYotYp3gANSWndihLC9P6W5T8Hfyg8uYcxKy7L42bpx8eXZOXFq91cioVwZtqA==",
      "dev": true
    },
    "@angular/forms": {
      "version": "9.1.3",
      "resolved": "https://registry.npmjs.org/@angular/forms/-/forms-9.1.3.tgz",
      "integrity": "sha512-t3BexN5EHgCK6q0R04AuyNb6ZUP6sd9fJ+ER98yWws3HXV6FT+J5IB7dVnhelLoU1GTnql4TJSS+LTVradKZ7g==",
      "dev": true
    },
    "@angular/material": {
      "version": "9.2.1",
      "resolved": "https://registry.npmjs.org/@angular/material/-/material-9.2.1.tgz",
      "integrity": "sha512-nqn/0Eg04DxwnkRGSM1xnmGgtfHYOBcEPbFeTu8c1qAbjFEozd6tpw4y6dQrCCL/JLNIRQPsxsUsVnKeWDF/4Q==",
      "dev": true
    },
    "tslib": {
      "version": "1.11.1",
      "resolved": "https://registry.npmjs.org/tslib/-/tslib-1.11.1.tgz",
      "integrity": "sha512-aZW88SY8kQbU7gpV19lN24LtXh/yD4ZZg6qieAJDDg+YBsJcSmLGK9QpnUjAKVG/xefmvJGd1WUmfpT/g6AJGA==",
      "dev": true
    }
  }
}
